
Microsoft Visual Studio Solution File, Format Version 12.00
# Visual Studio Version 17
VisualStudioVersion = 17.8.34316.72
MinimumVisualStudioVersion = 10.0.40219.1
Project("{888888A0-9F3D-457C-B088-3A5042F75D52}") = "labaaaa44", "labaaaa44.pyproj", "{A1B13B66-B157-48C8-8C96-335A5E1FE6E4}"
EndProject
Global
	GlobalSection(SolutionConfigurationPlatforms) = preSolution
		Debug|Any CPU = Debug|Any CPU
		Release|Any CPU = Release|Any CPU
	EndGlobalSection
	GlobalSection(ProjectConfigurationPlatforms) = postSolution
		{A1B13B66-B157-48C8-8C96-335A5E1FE6E4}.Debug|Any CPU.ActiveCfg = Debug|Any CPU
		{A1B13B66-B157-48C8-8C96-335A5E1FE6E4}.Debug|Any CPU.Build.0 = Debug|Any CPU
		{A1B13B66-B157-48C8-8C96-335A5E1FE6E4}.Release|Any CPU.ActiveCfg = Release|Any CPU
		{A1B13B66-B157-48C8-8C96-335A5E1FE6E4}.Release|Any CPU.Build.0 = Release|Any CPU
	EndGlobalSection
	GlobalSection(SolutionProperties) = preSolution
		HideSolutionNode = FALSE
	EndGlobalSection
	GlobalSection(ExtensibilityGlobals) = postSolution
		SolutionGuid = {DB69FDE2-7364-4AEC-9B69-8BF0882E9172}
	EndGlobalSection
EndGlobal
